{
  "originHash" : "990602f943d142d26b1a5421abe2a243e2e1077d090e31e151c33e3ec768723e",
  "pins" : [
    {
      "identity" : "sdwebimage",
      "kind" : "remoteSourceControl",
      "location" : "https://github.com/SDWebImage/SDWebImage.git",
      "state" : {
        "revision" : "6c6b951845a520fa7e8356e28adb5339c0f008d3",
        "version" : "5.15.0"
      }
    }
  ],
  "version" : 3
}
